{
  "requires": true,
  "lockfileVersion": 1,
  "dependencies": {
    "three": {
      "version": "0.111.0",
      "resolved": "https://registry.npmjs.org/three/-/three-0.111.0.tgz",
      "integrity": "sha512-AcTqyGJ3H75AIusOuADy0LsP958QKQwm/YhABHFMzd6RFXPNVay1rlSbbG6WYv7KM72G2THMMwqbjQd4dVHMkQ=="
    }
  }
}
